# THIS IS AN AUTOGENERATED FILE. DO NOT EDIT THIS FILE DIRECTLY.
# yarn lockfile v1


"@tauri-apps/api@^2.10.1", "@tauri-apps/api@^2.2.0", "@tauri-apps/api@^2.8.0":
  version "2.10.1"
  resolved "https://registry.yarnpkg.com/@tauri-apps/api/-/api-2.10.1.tgz#57c1bae6114ec33d977eb2b50dfefc25fa84fc93"
  integrity sha512-hKL/jWf293UDSUN09rR69hrToyIXBb8CjGaWC7gfinvnQrBVvnLr08FeFi38gxtugAVyVcTa5/FD/Xnkb1siBw==

"@tauri-apps/plugin-dialog@^2.0.0":
  version "2.6.0"
  resolved "https://registry.yarnpkg.com/@tauri-apps/plugin-dialog/-/plugin-dialog-2.6.0.tgz#e09bb26ab7008bfc4a1a044a5fb29ac0575f8898"
  integrity sha512-q4Uq3eY87TdcYzXACiYSPhmpBA76shgmQswGkSVio4C82Sz2W4iehe9TnKYwbq7weHiL88Yw19XZm7v28+Micg==
  dependencies:
    "@tauri-apps/api" "^2.8.0"

"@tauri-apps/plugin-fs@^2.0.0":
  version "2.4.5"
  resolved "https://registry.yarnpkg.com/@tauri-apps/plugin-fs/-/plugin-fs-2.4.5.tgz#4b32b6de32e2ee735632bff356fab09fcc281b42"
  integrity sha512-dVxWWGE6VrOxC7/jlhyE+ON/Cc2REJlM35R3PJX3UvFw2XwYhLGQVAIyrehenDdKjotipjYEVc4YjOl3qq90fA==
  dependencies:
    "@tauri-apps/api" "^2.8.0"

"@tauri-apps/plugin-notification@^2.0.0":
  version "2.3.3"
  resolved "https://registry.yarnpkg.com/@tauri-apps/plugin-notification/-/plugin-notification-2.3.3.tgz#01581e3abd3bd18200121b213d3e6ebff2967fe2"
  integrity sha512-Zw+ZH18RJb41G4NrfHgIuofJiymusqN+q8fGUIIV7vyCH+5sSn5coqRv/MWB9qETsUs97vmU045q7OyseCV3Qg==
  dependencies:
    "@tauri-apps/api" "^2.8.0"

"@tauri-apps/plugin-shell@^2.0.0":
  version "2.3.5"
  resolved "https://registry.yarnpkg.com/@tauri-apps/plugin-shell/-/plugin-shell-2.3.5.tgz#ec7b5c2aedaae9e4641cd3ccf1106e443e193919"
  integrity sha512-jewtULhiQ7lI7+owCKAjc8tYLJr92U16bPOeAa472LHJdgaibLP83NcfAF2e+wkEcA53FxKQAZ7byDzs2eeizg==
  dependencies:
    "@tauri-apps/api" "^2.10.1"

"@tauri-apps/plugin-store@^2.0.0":
  version "2.4.2"
  resolved "https://registry.yarnpkg.com/@tauri-apps/plugin-store/-/plugin-store-2.4.2.tgz#70a0bc9ef62b45e2b1bff2ecb0afed2a42b22519"
  integrity sha512-0ClHS50Oq9HEvLPhNzTNFxbWVOqoAp3dRvtewQBeqfIQ0z5m3JRnOISIn2ZVPCrQC0MyGyhTS9DWhHjpigQE7A==
  dependencies:
    "@tauri-apps/api" "^2.8.0"

"@tauri-apps/plugin-updater@^2.0.0":
  version "2.10.0"
  resolved "https://registry.yarnpkg.com/@tauri-apps/plugin-updater/-/plugin-updater-2.10.0.tgz#57172dbe9fd06f790bcf3144bc69f3e40048ccd3"
  integrity sha512-ljN8jPlnT0aSn8ecYhuBib84alxfMx6Hc8vJSKMJyzGbTPFZAC44T2I1QNFZssgWKrAlofvJqCC6Rr472JWfkQ==
  dependencies:
    "@tauri-apps/api" "^2.10.1"
